
Microsoft Visual Studio Solution File, Format Version 12.00
# Visual Studio Version 16
VisualStudioVersion = 16.0.31205.134
MinimumVisualStudioVersion = 10.0.40219.1
Project("{9A19103F-16F7-4668-BE54-9A1E7A4F7556}") = "STRACT.web", "STRACT.web\STRACT.web.csproj", "{033CEF8C-1068-4CFE-9DCE-D2428BD1C6A6}"
EndProject
Project("{9A19103F-16F7-4668-BE54-9A1E7A4F7556}") = "STRACT.Entities", "STRACT.Entities\STRACT.Entities.csproj", "{D6239019-C104-44BE-ABF8-C79FEE1F376C}"
EndProject
Project("{9A19103F-16F7-4668-BE54-9A1E7A4F7556}") = "STRACT.Entities.Test", "STRACT.Entities.Test\STRACT.Entities.Test.csproj", "{4D8F157E-D28C-437F-A64F-E17243154C14}"
EndProject
Project("{9A19103F-16F7-4668-BE54-9A1E7A4F7556}") = "STRACT.Data", "STRACT.Data\STRACT.Data.csproj", "{D28C9F46-C1C4-4E2B-9F0F-039231508F86}"
EndProject
Project("{9A19103F-16F7-4668-BE54-9A1E7A4F7556}") = "STRACT.Data.Test", "STRACT.Data.Test\STRACT.Data.Test.csproj", "{9064762C-54DF-4C06-8E90-2C83A219F407}"
EndProject
Project("{9A19103F-16F7-4668-BE54-9A1E7A4F7556}") = "STRACT.Common", "STRACT.Common\STRACT.Common.csproj", "{C36DF65A-F628-409B-BA2B-2401083BB235}"
EndProject
Project("{9A19103F-16F7-4668-BE54-9A1E7A4F7556}") = "STRACT.Common.Test", "STRACT.Common.Test\STRACT.Common.Test.csproj", "{EA135D49-2D59-45DD-8918-1504D18BA500}"
EndProject
Project("{FAE04EC0-301F-11D3-BF4B-00C04F79EFBC}") = "STRACT.Identity", "STRACT.Identity\STRACT.Identity.csproj", "{8CF9F5AE-D376-47CA-9DE4-722FDA579613}"
EndProject
Project("{FAE04EC0-301F-11D3-BF4B-00C04F79EFBC}") = "STRACT.Identity.Test", "STRACT.Identity.Test\STRACT.Identity.Test.csproj", "{7A852860-8A1A-4772-950F-9C85EE914D5E}"
EndProject
Global
	GlobalSection(SolutionConfigurationPlatforms) = preSolution
		Debug|Any CPU = Debug|Any CPU
		Release|Any CPU = Release|Any CPU
	EndGlobalSection
	GlobalSection(ProjectConfigurationPlatforms) = postSolution
		{033CEF8C-1068-4CFE-9DCE-D2428BD1C6A6}.Debug|Any CPU.ActiveCfg = Debug|Any CPU
		{033CEF8C-1068-4CFE-9DCE-D2428BD1C6A6}.Debug|Any CPU.Build.0 = Debug|Any CPU
		{033CEF8C-1068-4CFE-9DCE-D2428BD1C6A6}.Release|Any CPU.ActiveCfg = Release|Any CPU
		{033CEF8C-1068-4CFE-9DCE-D2428BD1C6A6}.Release|Any CPU.Build.0 = Release|Any CPU
		{D6239019-C104-44BE-ABF8-C79FEE1F376C}.Debug|Any CPU.ActiveCfg = Debug|Any CPU
		{D6239019-C104-44BE-ABF8-C79FEE1F376C}.Debug|Any CPU.Build.0 = Debug|Any CPU
		{D6239019-C104-44BE-ABF8-C79FEE1F376C}.Release|Any CPU.ActiveCfg = Release|Any CPU
		{D6239019-C104-44BE-ABF8-C79FEE1F376C}.Release|Any CPU.Build.0 = Release|Any CPU
		{4D8F157E-D28C-437F-A64F-E17243154C14}.Debug|Any CPU.ActiveCfg = Debug|Any CPU
		{4D8F157E-D28C-437F-A64F-E17243154C14}.Debug|Any CPU.Build.0 = Debug|Any CPU
		{4D8F157E-D28C-437F-A64F-E17243154C14}.Release|Any CPU.ActiveCfg = Release|Any CPU
		{4D8F157E-D28C-437F-A64F-E17243154C14}.Release|Any CPU.Build.0 = Release|Any CPU
		{D28C9F46-C1C4-4E2B-9F0F-039231508F86}.Debug|Any CPU.ActiveCfg = Debug|Any CPU
		{D28C9F46-C1C4-4E2B-9F0F-039231508F86}.Debug|Any CPU.Build.0 = Debug|Any CPU
		{D28C9F46-C1C4-4E2B-9F0F-039231508F86}.Release|Any CPU.ActiveCfg = Release|Any CPU
		{D28C9F46-C1C4-4E2B-9F0F-039231508F86}.Release|Any CPU.Build.0 = Release|Any CPU
		{9064762C-54DF-4C06-8E90-2C83A219F407}.Debug|Any CPU.ActiveCfg = Debug|Any CPU
		{9064762C-54DF-4C06-8E90-2C83A219F407}.Debug|Any CPU.Build.0 = Debug|Any CPU
		{9064762C-54DF-4C06-8E90-2C83A219F407}.Release|Any CPU.ActiveCfg = Release|Any CPU
		{9064762C-54DF-4C06-8E90-2C83A219F407}.Release|Any CPU.Build.0 = Release|Any CPU
		{C36DF65A-F628-409B-BA2B-2401083BB235}.Debug|Any CPU.ActiveCfg = Debug|Any CPU
		{C36DF65A-F628-409B-BA2B-2401083BB235}.Debug|Any CPU.Build.0 = Debug|Any CPU
		{C36DF65A-F628-409B-BA2B-2401083BB235}.Release|Any CPU.ActiveCfg = Release|Any CPU
		{C36DF65A-F628-409B-BA2B-2401083BB235}.Release|Any CPU.Build.0 = Release|Any CPU
		{EA135D49-2D59-45DD-8918-1504D18BA500}.Debug|Any CPU.ActiveCfg = Debug|Any CPU
		{EA135D49-2D59-45DD-8918-1504D18BA500}.Debug|Any CPU.Build.0 = Debug|Any CPU
		{EA135D49-2D59-45DD-8918-1504D18BA500}.Release|Any CPU.ActiveCfg = Release|Any CPU
		{EA135D49-2D59-45DD-8918-1504D18BA500}.Release|Any CPU.Build.0 = Release|Any CPU
		{8CF9F5AE-D376-47CA-9DE4-722FDA579613}.Debug|Any CPU.ActiveCfg = Debug|Any CPU
		{8CF9F5AE-D376-47CA-9DE4-722FDA579613}.Debug|Any CPU.Build.0 = Debug|Any CPU
		{8CF9F5AE-D376-47CA-9DE4-722FDA579613}.Release|Any CPU.ActiveCfg = Release|Any CPU
		{8CF9F5AE-D376-47CA-9DE4-722FDA579613}.Release|Any CPU.Build.0 = Release|Any CPU
		{7A852860-8A1A-4772-950F-9C85EE914D5E}.Debug|Any CPU.ActiveCfg = Debug|Any CPU
		{7A852860-8A1A-4772-950F-9C85EE914D5E}.Debug|Any CPU.Build.0 = Debug|Any CPU
		{7A852860-8A1A-4772-950F-9C85EE914D5E}.Release|Any CPU.ActiveCfg = Release|Any CPU
		{7A852860-8A1A-4772-950F-9C85EE914D5E}.Release|Any CPU.Build.0 = Release|Any CPU
	EndGlobalSection
	GlobalSection(SolutionProperties) = preSolution
		HideSolutionNode = FALSE
	EndGlobalSection
	GlobalSection(ExtensibilityGlobals) = postSolution
		SolutionGuid = {3BE78C17-D889-45D7-8234-0BCEE78BA671}
	EndGlobalSection
EndGlobal
